
Microsoft Visual Studio Solution File, Format Version 12.00
# Visual Studio Version 17
VisualStudioVersion = 17.4.33205.214
MinimumVisualStudioVersion = 10.0.40219.1
Project("{9A19103F-16F7-4668-BE54-9A1E7A4F7556}") = "CharacterAI", "CharacterAI.csproj", "{B040F27D-883F-4C00-B190-AFA5EA65AECA}"
EndProject
Global
	GlobalSection(SolutionConfigurationPlatforms) = preSolution
		Debug|Any CPU = Debug|Any CPU
		Release|Any CPU = Release|Any CPU
	EndGlobalSection
	GlobalSection(ProjectConfigurationPlatforms) = postSolution
		{B040F27D-883F-4C00-B190-AFA5EA65AECA}.Debug|Any CPU.ActiveCfg = Debug|Any CPU
		{B040F27D-883F-4C00-B190-AFA5EA65AECA}.Debug|Any CPU.Build.0 = Debug|Any CPU
		{B040F27D-883F-4C00-B190-AFA5EA65AECA}.Release|Any CPU.ActiveCfg = Release|Any CPU
		{B040F27D-883F-4C00-B190-AFA5EA65AECA}.Release|Any CPU.Build.0 = Release|Any CPU
	EndGlobalSection
	GlobalSection(SolutionProperties) = preSolution
		HideSolutionNode = FALSE
	EndGlobalSection
	GlobalSection(ExtensibilityGlobals) = postSolution
		SolutionGuid = {3F4E7E94-B463-45CE-A844-613EEB47F5C3}
	EndGlobalSection
EndGlobal
