
Microsoft Visual Studio Solution File, Format Version 12.00
# Visual Studio Version 17
VisualStudioVersion = 17.8.34330.188
MinimumVisualStudioVersion = 10.0.40219.1
Project("{FAE04EC0-301F-11D3-BF4B-00C04F79EFBC}") = "CharacterAI.Client", "CharacterAI.Client\CharacterAI.Client.csproj", "{B94BFC62-C726-4B0E-9C55-7412ADC867E9}"
EndProject
Project("{FAE04EC0-301F-11D3-BF4B-00C04F79EFBC}") = "SharedUtils", "SharedUtils\SharedUtils.csproj", "{E7CA1AC7-9E73-4E6F-BE78-C2D8844138C2}"
EndProject
Project("{FAE04EC0-301F-11D3-BF4B-00C04F79EFBC}") = "PuppeteerLib", "PuppeteerLib\PuppeteerLib.csproj", "{D364EC0C-D1E7-49A0-8984-06E9DA72671F}"
EndProject
Global
	GlobalSection(SolutionConfigurationPlatforms) = preSolution
		Debug|Any CPU = Debug|Any CPU
		Release|Any CPU = Release|Any CPU
	EndGlobalSection
	GlobalSection(ProjectConfigurationPlatforms) = postSolution
		{B94BFC62-C726-4B0E-9C55-7412ADC867E9}.Debug|Any CPU.ActiveCfg = Debug|Any CPU
		{B94BFC62-C726-4B0E-9C55-7412ADC867E9}.Debug|Any CPU.Build.0 = Debug|Any CPU
		{B94BFC62-C726-4B0E-9C55-7412ADC867E9}.Release|Any CPU.ActiveCfg = Release|Any CPU
		{B94BFC62-C726-4B0E-9C55-7412ADC867E9}.Release|Any CPU.Build.0 = Release|Any CPU
		{E7CA1AC7-9E73-4E6F-BE78-C2D8844138C2}.Debug|Any CPU.ActiveCfg = Debug|Any CPU
		{E7CA1AC7-9E73-4E6F-BE78-C2D8844138C2}.Debug|Any CPU.Build.0 = Debug|Any CPU
		{E7CA1AC7-9E73-4E6F-BE78-C2D8844138C2}.Release|Any CPU.ActiveCfg = Release|Any CPU
		{E7CA1AC7-9E73-4E6F-BE78-C2D8844138C2}.Release|Any CPU.Build.0 = Release|Any CPU
		{D364EC0C-D1E7-49A0-8984-06E9DA72671F}.Debug|Any CPU.ActiveCfg = Debug|Any CPU
		{D364EC0C-D1E7-49A0-8984-06E9DA72671F}.Debug|Any CPU.Build.0 = Debug|Any CPU
		{D364EC0C-D1E7-49A0-8984-06E9DA72671F}.Release|Any CPU.ActiveCfg = Release|Any CPU
		{D364EC0C-D1E7-49A0-8984-06E9DA72671F}.Release|Any CPU.Build.0 = Release|Any CPU
	EndGlobalSection
	GlobalSection(SolutionProperties) = preSolution
		HideSolutionNode = FALSE
	EndGlobalSection
	GlobalSection(ExtensibilityGlobals) = postSolution
		SolutionGuid = {715B73E9-FAD9-435E-B57F-CE7CD41566BF}
	EndGlobalSection
EndGlobal
