
Microsoft Visual Studio Solution File, Format Version 12.00
# Visual Studio Version 17
VisualStudioVersion = 17.8.34330.188
MinimumVisualStudioVersion = 10.0.40219.1
Project("{FAE04EC0-301F-11D3-BF4B-00C04F79EFBC}") = "CharacterAi.Client", "CharacterAi.Client\CharacterAi.Client.csproj", "{C744D87E-BEE5-427E-895A-EFBBDF8BB3B2}"
EndProject
Project("{FAE04EC0-301F-11D3-BF4B-00C04F79EFBC}") = "CharacterAi.Test", "CharacterAi.Test\CharacterAi.Test.csproj", "{44465719-4CB6-4DC5-A08A-C3899D6319C0}"
EndProject
Global
	GlobalSection(SolutionConfigurationPlatforms) = preSolution
		Debug|Any CPU = Debug|Any CPU
		Release|Any CPU = Release|Any CPU
	EndGlobalSection
	GlobalSection(ProjectConfigurationPlatforms) = postSolution
		{C744D87E-BEE5-427E-895A-EFBBDF8BB3B2}.Debug|Any CPU.ActiveCfg = Debug|Any CPU
		{C744D87E-BEE5-427E-895A-EFBBDF8BB3B2}.Debug|Any CPU.Build.0 = Debug|Any CPU
		{C744D87E-BEE5-427E-895A-EFBBDF8BB3B2}.Release|Any CPU.ActiveCfg = Release|Any CPU
		{C744D87E-BEE5-427E-895A-EFBBDF8BB3B2}.Release|Any CPU.Build.0 = Release|Any CPU
		{44465719-4CB6-4DC5-A08A-C3899D6319C0}.Debug|Any CPU.ActiveCfg = Debug|Any CPU
		{44465719-4CB6-4DC5-A08A-C3899D6319C0}.Debug|Any CPU.Build.0 = Debug|Any CPU
		{44465719-4CB6-4DC5-A08A-C3899D6319C0}.Release|Any CPU.ActiveCfg = Release|Any CPU
		{44465719-4CB6-4DC5-A08A-C3899D6319C0}.Release|Any CPU.Build.0 = Release|Any CPU
	EndGlobalSection
	GlobalSection(SolutionProperties) = preSolution
		HideSolutionNode = FALSE
	EndGlobalSection
	GlobalSection(ExtensibilityGlobals) = postSolution
		SolutionGuid = {715B73E9-FAD9-435E-B57F-CE7CD41566BF}
	EndGlobalSection
EndGlobal
